// !$*UTF8*$!
{
	archiveVersion = 1;
	classes = {
	};
	objectVersion = 46;
	objects = {

/* Begin PBXBuildFile section */
		4493A61C1ED5BC7A00329952 /* AppDelegate.swift in Sources */ = {isa = PBXBuildFile; fileRef = 4493A61B1ED5BC7A00329952 /* AppDelegate.swift */; };
		4493A6201ED5BC7A00329952 /* GameViewController.swift in Sources */ = {isa = PBXBuildFile; fileRef = 4493A61F1ED5BC7A00329952 /* GameViewController.swift */; };
		4493A6231ED5BC7A00329952 /* Main.storyboard in Resources */ = {isa = PBXBuildFile; fileRef = 4493A6211ED5BC7A00329952 /* Main.storyboard */; };
		4493A6251ED5BC7A00329952 /* Assets.xcassets in Resources */ = {isa = PBXBuildFile; fileRef = 4493A6241ED5BC7A00329952 /* Assets.xcassets */; };
		4493A6281ED5BC7A00329952 /* LaunchScreen.storyboard in Resources */ = {isa = PBXBuildFile; fileRef = 4493A6261ED5BC7A00329952 /* LaunchScreen.storyboard */; };
		4493A64D1ED5BE2A00329952 /* PointCloud.swift in Sources */ = {isa = PBXBuildFile; fileRef = 4493A64B1ED5BE2A00329952 /* PointCloud.swift */; };
		4493A64E1ED5BE2A00329952 /* PointCloudVertex.swift in Sources */ = {isa = PBXBuildFile; fileRef = 4493A64C1ED5BE2A00329952 /* PointCloudVertex.swift */; };
		4493A6521ED5BE8100329952 /* bun_zipper_points.ply in Resources */ = {isa = PBXBuildFile; fileRef = 4493A6501ED5BE8100329952 /* bun_zipper_points.ply */; };
		4493A6531ED5BE8100329952 /* dragon_hidden.ply in Resources */ = {isa = PBXBuildFile; fileRef = 4493A6511ED5BE8100329952 /* dragon_hidden.ply */; };
		BC38420B20E68AB400DD65BC /* sample-small.ply in Resources */ = {isa = PBXBuildFile; fileRef = BC38420A20E68AB400DD65BC /* sample-small.ply */; };
		BC7C28B720E67B1C00975B65 /* PCRendererTests.swift in Sources */ = {isa = PBXBuildFile; fileRef = BC7C28B620E67B1C00975B65 /* PCRendererTests.swift */; };
/* End PBXBuildFile section */

/* Begin PBXContainerItemProxy section */
		BC7C28B920E67B1C00975B65 /* PBXContainerItemProxy */ = {
			isa = PBXContainerItemProxy;
			containerPortal = 4493A6101ED5BC7A00329952 /* Project object */;
			proxyType = 1;
			remoteGlobalIDString = 4493A6171ED5BC7A00329952;
			remoteInfo = PCRenderer;
		};
/* End PBXContainerItemProxy section */

/* Begin PBXFileReference section */
		4493A6181ED5BC7A00329952 /* PCRenderer.app */ = {isa = PBXFileReference; explicitFileType = wrapper.application; includeInIndex = 0; path = PCRenderer.app; sourceTree = BUILT_PRODUCTS_DIR; };
		4493A61B1ED5BC7A00329952 /* AppDelegate.swift */ = {isa = PBXFileReference; lastKnownFileType = sourcecode.swift; path = AppDelegate.swift; sourceTree = "<group>"; };
		4493A61F1ED5BC7A00329952 /* GameViewController.swift */ = {isa = PBXFileReference; lastKnownFileType = sourcecode.swift; path = GameViewController.swift; sourceTree = "<group>"; };
		4493A6221ED5BC7A00329952 /* Base */ = {isa = PBXFileReference; lastKnownFileType = file.storyboard; name = Base; path = Base.lproj/Main.storyboard; sourceTree = "<group>"; };
		4493A6241ED5BC7A00329952 /* Assets.xcassets */ = {isa = PBXFileReference; lastKnownFileType = folder.assetcatalog; path = Assets.xcassets; sourceTree = "<group>"; };
		4493A6271ED5BC7A00329952 /* Base */ = {isa = PBXFileReference; lastKnownFileType = file.storyboard; name = Base; path = Base.lproj/LaunchScreen.storyboard; sourceTree = "<group>"; };
		4493A6291ED5BC7A00329952 /* Info.plist */ = {isa = PBXFileReference; lastKnownFileType = text.plist.xml; path = Info.plist; sourceTree = "<group>"; };
		4493A64B1ED5BE2A00329952 /* PointCloud.swift */ = {isa = PBXFileReference; fileEncoding = 4; lastKnownFileType = sourcecode.swift; path = PointCloud.swift; sourceTree = "<group>"; };
		4493A64C1ED5BE2A00329952 /* PointCloudVertex.swift */ = {isa = PBXFileReference; fileEncoding = 4; lastKnownFileType = sourcecode.swift; path = PointCloudVertex.swift; sourceTree = "<group>"; };
		4493A6501ED5BE8100329952 /* bun_zipper_points.ply */ = {isa = PBXFileReference; fileEncoding = 4; lastKnownFileType = text; name = bun_zipper_points.ply; path = Resources/bun_zipper_points.ply; sourceTree = "<group>"; };
		4493A6511ED5BE8100329952 /* dragon_hidden.ply */ = {isa = PBXFileReference; fileEncoding = 4; lastKnownFileType = text; name = dragon_hidden.ply; path = Resources/dragon_hidden.ply; sourceTree = "<group>"; };
		BC38420A20E68AB400DD65BC /* sample-small.ply */ = {isa = PBXFileReference; fileEncoding = 4; lastKnownFileType = text; name = "sample-small.ply"; path = "Resources/sample-small.ply"; sourceTree = "<group>"; };
		BC7C28B420E67B1C00975B65 /* PCRendererTests.xctest */ = {isa = PBXFileReference; explicitFileType = wrapper.cfbundle; includeInIndex = 0; path = PCRendererTests.xctest; sourceTree = BUILT_PRODUCTS_DIR; };
		BC7C28B620E67B1C00975B65 /* PCRendererTests.swift */ = {isa = PBXFileReference; lastKnownFileType = sourcecode.swift; path = PCRendererTests.swift; sourceTree = "<group>"; };
		BC7C28B820E67B1C00975B65 /* Info.plist */ = {isa = PBXFileReference; lastKnownFileType = text.plist.xml; path = Info.plist; sourceTree = "<group>"; };
/* End PBXFileReference section */

/* Begin PBXFrameworksBuildPhase section */
		4493A6151ED5BC7A00329952 /* Frameworks */ = {
			isa = PBXFrameworksBuildPhase;
			buildActionMask = 2147483647;
			files = (
			);
			runOnlyForDeploymentPostprocessing = 0;
		};
		BC7C28B120E67B1C00975B65 /* Frameworks */ = {
			isa = PBXFrameworksBuildPhase;
			buildActionMask = 2147483647;
			files = (
			);
			runOnlyForDeploymentPostprocessing = 0;
		};
/* End PBXFrameworksBuildPhase section */

/* Begin PBXGroup section */
		4493A60F1ED5BC7A00329952 = {
			isa = PBXGroup;
			children = (
				4493A61A1ED5BC7A00329952 /* PCRenderer */,
				BC7C28B520E67B1C00975B65 /* PCRendererTests */,
				4493A6191ED5BC7A00329952 /* Products */,
			);
			sourceTree = "<group>";
		};
		4493A6191ED5BC7A00329952 /* Products */ = {
			isa = PBXGroup;
			children = (
				4493A6181ED5BC7A00329952 /* PCRenderer.app */,
				BC7C28B420E67B1C00975B65 /* PCRendererTests.xctest */,
			);
			name = Products;
			sourceTree = "<group>";
		};
		4493A61A1ED5BC7A00329952 /* PCRenderer */ = {
			isa = PBXGroup;
			children = (
				4493A64F1ED5BE7000329952 /* Resources */,
				4493A64B1ED5BE2A00329952 /* PointCloud.swift */,
				4493A64C1ED5BE2A00329952 /* PointCloudVertex.swift */,
				4493A61B1ED5BC7A00329952 /* AppDelegate.swift */,
				4493A61F1ED5BC7A00329952 /* GameViewController.swift */,
				4493A6211ED5BC7A00329952 /* Main.storyboard */,
				4493A6241ED5BC7A00329952 /* Assets.xcassets */,
				4493A6261ED5BC7A00329952 /* LaunchScreen.storyboard */,
				4493A6291ED5BC7A00329952 /* Info.plist */,
			);
			path = PCRenderer;
			sourceTree = "<group>";
		};
		4493A64F1ED5BE7000329952 /* Resources */ = {
			isa = PBXGroup;
			children = (
				BC38420A20E68AB400DD65BC /* sample-small.ply */,
				4493A6501ED5BE8100329952 /* bun_zipper_points.ply */,
				4493A6511ED5BE8100329952 /* dragon_hidden.ply */,
			);
			name = Resources;
			sourceTree = "<group>";
		};
		BC7C28B520E67B1C00975B65 /* PCRendererTests */ = {
			isa = PBXGroup;
			children = (
				BC7C28B620E67B1C00975B65 /* PCRendererTests.swift */,
				BC7C28B820E67B1C00975B65 /* Info.plist */,
			);
			path = PCRendererTests;
			sourceTree = "<group>";
		};
/* End PBXGroup section */

/* Begin PBXNativeTarget section */
		4493A6171ED5BC7A00329952 /* PCRenderer */ = {
			isa = PBXNativeTarget;
			buildConfigurationList = 4493A6421ED5BC7A00329952 /* Build configuration list for PBXNativeTarget "PCRenderer" */;
			buildPhases = (
				4493A6141ED5BC7A00329952 /* Sources */,
				4493A6151ED5BC7A00329952 /* Frameworks */,
				4493A6161ED5BC7A00329952 /* Resources */,
			);
			buildRules = (
			);
			dependencies = (
			);
			name = PCRenderer;
			productName = PCRenderer;
			productReference = 4493A6181ED5BC7A00329952 /* PCRenderer.app */;
			productType = "com.apple.product-type.application";
		};
		BC7C28B320E67B1C00975B65 /* PCRendererTests */ = {
			isa = PBXNativeTarget;
			buildConfigurationList = BC7C28BB20E67B1C00975B65 /* Build configuration list for PBXNativeTarget "PCRendererTests" */;
			buildPhases = (
				BC7C28B020E67B1C00975B65 /* Sources */,
				BC7C28B120E67B1C00975B65 /* Frameworks */,
				BC7C28B220E67B1C00975B65 /* Resources */,
			);
			buildRules = (
			);
			dependencies = (
				BC7C28BA20E67B1C00975B65 /* PBXTargetDependency */,
			);
			name = PCRendererTests;
			productName = PCRendererTests;
			productReference = BC7C28B420E67B1C00975B65 /* PCRendererTests.xctest */;
			productType = "com.apple.product-type.bundle.unit-test";
		};
/* End PBXNativeTarget section */

/* Begin PBXProject section */
		4493A6101ED5BC7A00329952 /* Project object */ = {
			isa = PBXProject;
			attributes = {
				LastSwiftUpdateCheck = 0940;
				LastUpgradeCheck = 0830;
				ORGANIZATIONNAME = Evgeniy;
				TargetAttributes = {
					4493A6171ED5BC7A00329952 = {
						CreatedOnToolsVersion = 8.3.2;
						DevelopmentTeam = AQV5ZM59WZ;
						ProvisioningStyle = Automatic;
					};
					BC7C28B320E67B1C00975B65 = {
						CreatedOnToolsVersion = 9.4.1;
						DevelopmentTeam = AQV5ZM59WZ;
						ProvisioningStyle = Automatic;
						TestTargetID = 4493A6171ED5BC7A00329952;
					};
				};
			};
			buildConfigurationList = 4493A6131ED5BC7A00329952 /* Build configuration list for PBXProject "PCRenderer" */;
			compatibilityVersion = "Xcode 3.2";
			developmentRegion = English;
			hasScannedForEncodings = 0;
			knownRegions = (
				en,
				Base,
			);
			mainGroup = 4493A60F1ED5BC7A00329952;
			productRefGroup = 4493A6191ED5BC7A00329952 /* Products */;
			projectDirPath = "";
			projectRoot = "";
			targets = (
				4493A6171ED5BC7A00329952 /* PCRenderer */,
				BC7C28B320E67B1C00975B65 /* PCRendererTests */,
			);
		};
/* End PBXProject section */

/* Begin PBXResourcesBuildPhase section */
		4493A6161ED5BC7A00329952 /* Resources */ = {
			isa = PBXResourcesBuildPhase;
			buildActionMask = 2147483647;
			files = (
				4493A6281ED5BC7A00329952 /* LaunchScreen.storyboard in Resources */,
				BC38420B20E68AB400DD65BC /* sample-small.ply in Resources */,
				4493A6531ED5BE8100329952 /* dragon_hidden.ply in Resources */,
				4493A6521ED5BE8100329952 /* bun_zipper_points.ply in Resources */,
				4493A6251ED5BC7A00329952 /* Assets.xcassets in Resources */,
				4493A6231ED5BC7A00329952 /* Main.storyboard in Resources */,
			);
			runOnlyForDeploymentPostprocessing = 0;
		};
		BC7C28B220E67B1C00975B65 /* Resources */ = {
			isa = PBXResourcesBuildPhase;
			buildActionMask = 2147483647;
			files = (
			);
			runOnlyForDeploymentPostprocessing = 0;
		};
/* End PBXResourcesBuildPhase section */

/* Begin PBXSourcesBuildPhase section */
		4493A6141ED5BC7A00329952 /* Sources */ = {
			isa = PBXSourcesBuildPhase;
			buildActionMask = 2147483647;
			files = (
				4493A64E1ED5BE2A00329952 /* PointCloudVertex.swift in Sources */,
				4493A6201ED5BC7A00329952 /* GameViewController.swift in Sources */,
				4493A64D1ED5BE2A00329952 /* PointCloud.swift in Sources */,
				4493A61C1ED5BC7A00329952 /* AppDelegate.swift in Sources */,
			);
			runOnlyForDeploymentPostprocessing = 0;
		};
		BC7C28B020E67B1C00975B65 /* Sources */ = {
			isa = PBXSourcesBuildPhase;
			buildActionMask = 2147483647;
			files = (
				BC7C28B720E67B1C00975B65 /* PCRendererTests.swift in Sources */,
			);
			runOnlyForDeploymentPostprocessing = 0;
		};
/* End PBXSourcesBuildPhase section */

/* Begin PBXTargetDependency section */
		BC7C28BA20E67B1C00975B65 /* PBXTargetDependency */ = {
			isa = PBXTargetDependency;
			target = 4493A6171ED5BC7A00329952 /* PCRenderer */;
			targetProxy = BC7C28B920E67B1C00975B65 /* PBXContainerItemProxy */;
		};
/* End PBXTargetDependency section */

/* Begin PBXVariantGroup section */
		4493A6211ED5BC7A00329952 /* Main.storyboard */ = {
			isa = PBXVariantGroup;
			children = (
				4493A6221ED5BC7A00329952 /* Base */,
			);
			name = Main.storyboard;
			sourceTree = "<group>";
		};
		4493A6261ED5BC7A00329952 /* LaunchScreen.storyboard */ = {
			isa = PBXVariantGroup;
			children = (
				4493A6271ED5BC7A00329952 /* Base */,
			);
			name = LaunchScreen.storyboard;
			sourceTree = "<group>";
		};
/* End PBXVariantGroup section */

/* Begin XCBuildConfiguration section */
		4493A6401ED5BC7A00329952 /* Debug */ = {
			isa = XCBuildConfiguration;
			buildSettings = {
				ALWAYS_SEARCH_USER_PATHS = NO;
				CLANG_ANALYZER_NONNULL = YES;
				CLANG_ANALYZER_NUMBER_OBJECT_CONVERSION = YES_AGGRESSIVE;
				CLANG_CXX_LANGUAGE_STANDARD = "gnu++0x";
				CLANG_CXX_LIBRARY = "libc++";
				CLANG_ENABLE_MODULES = YES;
				CLANG_ENABLE_OBJC_ARC = YES;
				CLANG_WARN_BOOL_CONVERSION = YES;
				CLANG_WARN_CONSTANT_CONVERSION = YES;
				CLANG_WARN_DIRECT_OBJC_ISA_USAGE = YES_ERROR;
				CLANG_WARN_DOCUMENTATION_COMMENTS = YES;
				CLANG_WARN_EMPTY_BODY = YES;
				CLANG_WARN_ENUM_CONVERSION = YES;
				CLANG_WARN_INFINITE_RECURSION = YES;
				CLANG_WARN_INT_CONVERSION = YES;
				CLANG_WARN_OBJC_ROOT_CLASS = YES_ERROR;
				CLANG_WARN_SUSPICIOUS_MOVE = YES;
				CLANG_WARN_UNREACHABLE_CODE = YES;
				CLANG_WARN__DUPLICATE_METHOD_MATCH = YES;
				"CODE_SIGN_IDENTITY[sdk=iphoneos*]" = "iPhone Developer";
				COPY_PHASE_STRIP = NO;
				DEBUG_INFORMATION_FORMAT = dwarf;
				ENABLE_STRICT_OBJC_MSGSEND = YES;
				ENABLE_TESTABILITY = YES;
				GCC_C_LANGUAGE_STANDARD = gnu99;
				GCC_DYNAMIC_NO_PIC = NO;
				GCC_NO_COMMON_BLOCKS = YES;
				GCC_OPTIMIZATION_LEVEL = 0;
				GCC_PREPROCESSOR_DEFINITIONS = (
					"DEBUG=1",
					"$(inherited)",
				);
				GCC_WARN_64_TO_32_BIT_CONVERSION = YES;
				GCC_WARN_ABOUT_RETURN_TYPE = YES_ERROR;
				GCC_WARN_UNDECLARED_SELECTOR = YES;
				GCC_WARN_UNINITIALIZED_AUTOS = YES_AGGRESSIVE;
				GCC_WARN_UNUSED_FUNCTION = YES;
				GCC_WARN_UNUSED_VARIABLE = YES;
				IPHONEOS_DEPLOYMENT_TARGET = 10.3;
				MTL_ENABLE_DEBUG_INFO = YES;
				ONLY_ACTIVE_ARCH = YES;
				SDKROOT = iphoneos;
				SWIFT_ACTIVE_COMPILATION_CONDITIONS = DEBUG;
				SWIFT_OPTIMIZATION_LEVEL = "-Onone";
				TARGETED_DEVICE_FAMILY = "1,2";
			};
			name = Debug;
		};
		4493A6411ED5BC7A00329952 /* Release */ = {
			isa = XCBuildConfiguration;
			buildSettings = {
				ALWAYS_SEARCH_USER_PATHS = NO;
				CLANG_ANALYZER_NONNULL = YES;
				CLANG_ANALYZER_NUMBER_OBJECT_CONVERSION = YES_AGGRESSIVE;
				CLANG_CXX_LANGUAGE_STANDARD = "gnu++0x";
				CLANG_CXX_LIBRARY = "libc++";
				CLANG_ENABLE_MODULES = YES;
				CLANG_ENABLE_OBJC_ARC = YES;
				CLANG_WARN_BOOL_CONVERSION = YES;
				CLANG_WARN_CONSTANT_CONVERSION = YES;
				CLANG_WARN_DIRECT_OBJC_ISA_USAGE = YES_ERROR;
				CLANG_WARN_DOCUMENTATION_COMMENTS = YES;
				CLANG_WARN_EMPTY_BODY = YES;
				CLANG_WARN_ENUM_CONVERSION = YES;
				CLANG_WARN_INFINITE_RECURSION = YES;
				CLANG_WARN_INT_CONVERSION = YES;
				CLANG_WARN_OBJC_ROOT_CLASS = YES_ERROR;
				CLANG_WARN_SUSPICIOUS_MOVE = YES;
				CLANG_WARN_UNREACHABLE_CODE = YES;
				CLANG_WARN__DUPLICATE_METHOD_MATCH = YES;
				"CODE_SIGN_IDENTITY[sdk=iphoneos*]" = "iPhone Developer";
				COPY_PHASE_STRIP = NO;
				DEBUG_INFORMATION_FORMAT = "dwarf-with-dsym";
				ENABLE_NS_ASSERTIONS = NO;
				ENABLE_STRICT_OBJC_MSGSEND = YES;
				GCC_C_LANGUAGE_STANDARD = gnu99;
				GCC_NO_COMMON_BLOCKS = YES;
				GCC_WARN_64_TO_32_BIT_CONVERSION = YES;
				GCC_WARN_ABOUT_RETURN_TYPE = YES_ERROR;
				GCC_WARN_UNDECLARED_SELECTOR = YES;
				GCC_WARN_UNINITIALIZED_AUTOS = YES_AGGRESSIVE;
				GCC_WARN_UNUSED_FUNCTION = YES;
				GCC_WARN_UNUSED_VARIABLE = YES;
				IPHONEOS_DEPLOYMENT_TARGET = 10.3;
				MTL_ENABLE_DEBUG_INFO = NO;
				SDKROOT = iphoneos;
				SWIFT_OPTIMIZATION_LEVEL = "-Owholemodule";
				TARGETED_DEVICE_FAMILY = "1,2";
				VALIDATE_PRODUCT = YES;
			};
			name = Release;
		};
		4493A6431ED5BC7A00329952 /* Debug */ = {
			isa = XCBuildConfiguration;
			buildSettings = {
				ASSETCATALOG_COMPILER_APPICON_NAME = AppIcon;
				DEVELOPMENT_TEAM = AQV5ZM59WZ;
				INFOPLIST_FILE = PCRenderer/Info.plist;
				IPHONEOS_DEPLOYMENT_TARGET = 11.0;
				LD_RUNPATH_SEARCH_PATHS = "$(inherited) @executable_path/Frameworks";
				PRODUCT_BUNDLE_IDENTIFIER = ch.epfl.mmspg.PCRenderer;
				PRODUCT_NAME = "$(TARGET_NAME)";
				SWIFT_VERSION = 3.0;
			};
			name = Debug;
		};
		4493A6441ED5BC7A00329952 /* Release */ = {
			isa = XCBuildConfiguration;
			buildSettings = {
				ASSETCATALOG_COMPILER_APPICON_NAME = AppIcon;
				DEVELOPMENT_TEAM = AQV5ZM59WZ;
				INFOPLIST_FILE = PCRenderer/Info.plist;
				IPHONEOS_DEPLOYMENT_TARGET = 11.0;
				LD_RUNPATH_SEARCH_PATHS = "$(inherited) @executable_path/Frameworks";
				PRODUCT_BUNDLE_IDENTIFIER = ch.epfl.mmspg.PCRenderer;
				PRODUCT_NAME = "$(TARGET_NAME)";
				SWIFT_VERSION = 3.0;
			};
			name = Release;
		};
		BC7C28BC20E67B1C00975B65 /* Debug */ = {
			isa = XCBuildConfiguration;
			buildSettings = {
				BUNDLE_LOADER = "$(TEST_HOST)";
				CLANG_CXX_LANGUAGE_STANDARD = "gnu++14";
				CLANG_ENABLE_OBJC_WEAK = YES;
				CLANG_WARN_BLOCK_CAPTURE_AUTORELEASING = YES;
				CLANG_WARN_COMMA = YES;
				CLANG_WARN_DEPRECATED_OBJC_IMPLEMENTATIONS = YES;
				CLANG_WARN_NON_LITERAL_NULL_CONVERSION = YES;
				CLANG_WARN_OBJC_IMPLICIT_RETAIN_SELF = YES;
				CLANG_WARN_OBJC_LITERAL_CONVERSION = YES;
				CLANG_WARN_RANGE_LOOP_ANALYSIS = YES;
				CLANG_WARN_STRICT_PROTOTYPES = YES;
				CLANG_WARN_UNGUARDED_AVAILABILITY = YES_AGGRESSIVE;
				CODE_SIGN_IDENTITY = "iPhone Developer";
				CODE_SIGN_STYLE = Automatic;
				DEVELOPMENT_TEAM = AQV5ZM59WZ;
				GCC_C_LANGUAGE_STANDARD = gnu11;
				INFOPLIST_FILE = PCRendererTests/Info.plist;
				IPHONEOS_DEPLOYMENT_TARGET = 11.4;
				LD_RUNPATH_SEARCH_PATHS = "$(inherited) @executable_path/Frameworks @loader_path/Frameworks";
				PRODUCT_BUNDLE_IDENTIFIER = pcrenderer.PCRendererTests;
				PRODUCT_NAME = "$(TARGET_NAME)";
				SWIFT_VERSION = 4.0;
				TARGETED_DEVICE_FAMILY = "1,2";
				TEST_HOST = "$(BUILT_PRODUCTS_DIR)/PCRenderer.app/PCRenderer";
			};
			name = Debug;
		};
		BC7C28BD20E67B1C00975B65 /* Release */ = {
			isa = XCBuildConfiguration;
			buildSettings = {
				BUNDLE_LOADER = "$(TEST_HOST)";
				CLANG_CXX_LANGUAGE_STANDARD = "gnu++14";
				CLANG_ENABLE_OBJC_WEAK = YES;
				CLANG_WARN_BLOCK_CAPTURE_AUTORELEASING = YES;
				CLANG_WARN_COMMA = YES;
				CLANG_WARN_DEPRECATED_OBJC_IMPLEMENTATIONS = YES;
				CLANG_WARN_NON_LITERAL_NULL_CONVERSION = YES;
				CLANG_WARN_OBJC_IMPLICIT_RETAIN_SELF = YES;
				CLANG_WARN_OBJC_LITERAL_CONVERSION = YES;
				CLANG_WARN_RANGE_LOOP_ANALYSIS = YES;
				CLANG_WARN_STRICT_PROTOTYPES = YES;
				CLANG_WARN_UNGUARDED_AVAILABILITY = YES_AGGRESSIVE;
				CODE_SIGN_IDENTITY = "iPhone Developer";
				CODE_SIGN_STYLE = Automatic;
				DEVELOPMENT_TEAM = AQV5ZM59WZ;
				GCC_C_LANGUAGE_STANDARD = gnu11;
				INFOPLIST_FILE = PCRendererTests/Info.plist;
				IPHONEOS_DEPLOYMENT_TARGET = 11.4;
				LD_RUNPATH_SEARCH_PATHS = "$(inherited) @executable_path/Frameworks @loader_path/Frameworks";
				PRODUCT_BUNDLE_IDENTIFIER = pcrenderer.PCRendererTests;
				PRODUCT_NAME = "$(TARGET_NAME)";
				SWIFT_VERSION = 4.0;
				TARGETED_DEVICE_FAMILY = "1,2";
				TEST_HOST = "$(BUILT_PRODUCTS_DIR)/PCRenderer.app/PCRenderer";
			};
			name = Release;
		};
/* End XCBuildConfiguration section */

/* Begin XCConfigurationList section */
		4493A6131ED5BC7A00329952 /* Build configuration list for PBXProject "PCRenderer" */ = {
			isa = XCConfigurationList;
			buildConfigurations = (
				4493A6401ED5BC7A00329952 /* Debug */,
				4493A6411ED5BC7A00329952 /* Release */,
			);
			defaultConfigurationIsVisible = 0;
			defaultConfigurationName = Release;
		};
		4493A6421ED5BC7A00329952 /* Build configuration list for PBXNativeTarget "PCRenderer" */ = {
			isa = XCConfigurationList;
			buildConfigurations = (
				4493A6431ED5BC7A00329952 /* Debug */,
				4493A6441ED5BC7A00329952 /* Release */,
			);
			defaultConfigurationIsVisible = 0;
			defaultConfigurationName = Release;
		};
		BC7C28BB20E67B1C00975B65 /* Build configuration list for PBXNativeTarget "PCRendererTests" */ = {
			isa = XCConfigurationList;
			buildConfigurations = (
				BC7C28BC20E67B1C00975B65 /* Debug */,
				BC7C28BD20E67B1C00975B65 /* Release */,
			);
			defaultConfigurationIsVisible = 0;
			defaultConfigurationName = Release;
		};
/* End XCConfigurationList section */
	};
	rootObject = 4493A6101ED5BC7A00329952 /* Project object */;
}
